
Microsoft Visual Studio Solution File, Format Version 12.00
# Visual Studio Version 17
VisualStudioVersion = 17.3.32901.215
MinimumVisualStudioVersion = 10.0.40219.1
Project("{FAE04EC0-301F-11D3-BF4B-00C04F79EFBC}") = "EmployeeWageProblem", "EmployeeWageProblem\EmployeeWageProblem.csproj", "{1504B505-BC72-4B16-9112-1103B2C14C2F}"
EndProject
Global
	GlobalSection(SolutionConfigurationPlatforms) = preSolution
		Debug|Any CPU = Debug|Any CPU
		Release|Any CPU = Release|Any CPU
	EndGlobalSection
	GlobalSection(ProjectConfigurationPlatforms) = postSolution
		{1504B505-BC72-4B16-9112-1103B2C14C2F}.Debug|Any CPU.ActiveCfg = Debug|Any CPU
		{1504B505-BC72-4B16-9112-1103B2C14C2F}.Debug|Any CPU.Build.0 = Debug|Any CPU
		{1504B505-BC72-4B16-9112-1103B2C14C2F}.Release|Any CPU.ActiveCfg = Release|Any CPU
		{1504B505-BC72-4B16-9112-1103B2C14C2F}.Release|Any CPU.Build.0 = Release|Any CPU
	EndGlobalSection
	GlobalSection(SolutionProperties) = preSolution
		HideSolutionNode = FALSE
	EndGlobalSection
	GlobalSection(ExtensibilityGlobals) = postSolution
		SolutionGuid = {3EEDE7BB-B112-4548-B8EC-47D5A2FCF5E5}
	EndGlobalSection
EndGlobal
